
Microsoft Visual Studio Solution File, Format Version 12.00
# Visual Studio Version 17
VisualStudioVersion = 17.8.34309.116
MinimumVisualStudioVersion = 10.0.40219.1
Project("{9A19103F-16F7-4668-BE54-9A1E7A4F7556}") = "PMT.API", "PMT.API\PMT.API.csproj", "{1E211885-CE54-4049-8B6E-B2A0423C258A}"
EndProject
Project("{9A19103F-16F7-4668-BE54-9A1E7A4F7556}") = "PMT.Data", "PMT.Data\PMT.Data.csproj", "{2A0E5C56-3986-4938-9FCD-F03D904EC9F6}"
EndProject
Project("{9A19103F-16F7-4668-BE54-9A1E7A4F7556}") = "PMT.Service", "PMT.Service\PMT.Service.csproj", "{70AC3AEB-C356-4F05-904C-9BB7E0D5A273}"
EndProject
Project("{FAE04EC0-301F-11D3-BF4B-00C04F79EFBC}") = "PMT.Test", "PMT.Test\PMT.Test.csproj", "{98E93B15-AD75-41DE-936B-34BFF6CFF662}"
EndProject
Global
	GlobalSection(SolutionConfigurationPlatforms) = preSolution
		Debug|Any CPU = Debug|Any CPU
		Release|Any CPU = Release|Any CPU
	EndGlobalSection
	GlobalSection(ProjectConfigurationPlatforms) = postSolution
		{1E211885-CE54-4049-8B6E-B2A0423C258A}.Debug|Any CPU.ActiveCfg = Debug|Any CPU
		{1E211885-CE54-4049-8B6E-B2A0423C258A}.Debug|Any CPU.Build.0 = Debug|Any CPU
		{1E211885-CE54-4049-8B6E-B2A0423C258A}.Release|Any CPU.ActiveCfg = Release|Any CPU
		{1E211885-CE54-4049-8B6E-B2A0423C258A}.Release|Any CPU.Build.0 = Release|Any CPU
		{2A0E5C56-3986-4938-9FCD-F03D904EC9F6}.Debug|Any CPU.ActiveCfg = Debug|Any CPU
		{2A0E5C56-3986-4938-9FCD-F03D904EC9F6}.Debug|Any CPU.Build.0 = Debug|Any CPU
		{2A0E5C56-3986-4938-9FCD-F03D904EC9F6}.Release|Any CPU.ActiveCfg = Release|Any CPU
		{2A0E5C56-3986-4938-9FCD-F03D904EC9F6}.Release|Any CPU.Build.0 = Release|Any CPU
		{70AC3AEB-C356-4F05-904C-9BB7E0D5A273}.Debug|Any CPU.ActiveCfg = Debug|Any CPU
		{70AC3AEB-C356-4F05-904C-9BB7E0D5A273}.Debug|Any CPU.Build.0 = Debug|Any CPU
		{70AC3AEB-C356-4F05-904C-9BB7E0D5A273}.Release|Any CPU.ActiveCfg = Release|Any CPU
		{70AC3AEB-C356-4F05-904C-9BB7E0D5A273}.Release|Any CPU.Build.0 = Release|Any CPU
		{98E93B15-AD75-41DE-936B-34BFF6CFF662}.Debug|Any CPU.ActiveCfg = Debug|Any CPU
		{98E93B15-AD75-41DE-936B-34BFF6CFF662}.Debug|Any CPU.Build.0 = Debug|Any CPU
		{98E93B15-AD75-41DE-936B-34BFF6CFF662}.Release|Any CPU.ActiveCfg = Release|Any CPU
		{98E93B15-AD75-41DE-936B-34BFF6CFF662}.Release|Any CPU.Build.0 = Release|Any CPU
	EndGlobalSection
	GlobalSection(SolutionProperties) = preSolution
		HideSolutionNode = FALSE
	EndGlobalSection
	GlobalSection(ExtensibilityGlobals) = postSolution
		SolutionGuid = {35BB42FF-1D3B-4635-A55C-4A750AD23238}
	EndGlobalSection
EndGlobal
